
Microsoft Visual Studio Solution File, Format Version 12.00
# Visual Studio Version 17
VisualStudioVersion = 17.7.34221.43
MinimumVisualStudioVersion = 10.0.40219.1
Project("{FAE04EC0-301F-11D3-BF4B-00C04F79EFBC}") = "T3", "T3\T3.csproj", "{E686374F-A986-47B0-81E1-C24F2B8B2CC2}"
EndProject
Global
	GlobalSection(SolutionConfigurationPlatforms) = preSolution
		Debug|Any CPU = Debug|Any CPU
		Release|Any CPU = Release|Any CPU
	EndGlobalSection
	GlobalSection(ProjectConfigurationPlatforms) = postSolution
		{E686374F-A986-47B0-81E1-C24F2B8B2CC2}.Debug|Any CPU.ActiveCfg = Debug|Any CPU
		{E686374F-A986-47B0-81E1-C24F2B8B2CC2}.Debug|Any CPU.Build.0 = Debug|Any CPU
		{E686374F-A986-47B0-81E1-C24F2B8B2CC2}.Release|Any CPU.ActiveCfg = Release|Any CPU
		{E686374F-A986-47B0-81E1-C24F2B8B2CC2}.Release|Any CPU.Build.0 = Release|Any CPU
	EndGlobalSection
	GlobalSection(SolutionProperties) = preSolution
		HideSolutionNode = FALSE
	EndGlobalSection
	GlobalSection(ExtensibilityGlobals) = postSolution
		SolutionGuid = {B158C639-6BB5-4ED5-9992-BA45900A5D24}
	EndGlobalSection
EndGlobal
